// !$*UTF8*$!
{
	archiveVersion = 1;
	classes = {
	};
	objectVersion = 46;
	objects = {

/* Begin PBXBuildFile section */
		368178831C5D0380009EAFF9 /* UIView+SWLayout.m in Sources */ = {isa = PBXBuildFile; fileRef = 368178821C5D0380009EAFF9 /* UIView+SWLayout.m */; };
		A346B897F35EA4ECA7C038E2 /* libPods.a in Frameworks */ = {isa = PBXBuildFile; fileRef = E767AE30E7D8CC96D336A65F /* libPods.a */; };
		F74982D01C5C626E0004C392 /* main.m in Sources */ = {isa = PBXBuildFile; fileRef = F74982CF1C5C626E0004C392 /* main.m */; };
		F74982D31C5C626E0004C392 /* AppDelegate.m in Sources */ = {isa = PBXBuildFile; fileRef = F74982D21C5C626E0004C392 /* AppDelegate.m */; };
		F74982D61C5C626E0004C392 /* ViewController.m in Sources */ = {isa = PBXBuildFile; fileRef = F74982D51C5C626E0004C392 /* ViewController.m */; };
		F74982D91C5C626E0004C392 /* Main.storyboard in Resources */ = {isa = PBXBuildFile; fileRef = F74982D71C5C626E0004C392 /* Main.storyboard */; };
		F74982DC1C5C626E0004C392 /* iOS_oc_wechat.xcdatamodeld in Sources */ = {isa = PBXBuildFile; fileRef = F74982DA1C5C626E0004C392 /* iOS_oc_wechat.xcdatamodeld */; };
		F74982DE1C5C626E0004C392 /* Assets.xcassets in Resources */ = {isa = PBXBuildFile; fileRef = F74982DD1C5C626E0004C392 /* Assets.xcassets */; };
		F74982E11C5C626E0004C392 /* LaunchScreen.storyboard in Resources */ = {isa = PBXBuildFile; fileRef = F74982DF1C5C626E0004C392 /* LaunchScreen.storyboard */; };
		F74982EC1C5C626E0004C392 /* iOS_oc_wechatTests.m in Sources */ = {isa = PBXBuildFile; fileRef = F74982EB1C5C626E0004C392 /* iOS_oc_wechatTests.m */; };
		F74982F71C5C626E0004C392 /* iOS_oc_wechatUITests.m in Sources */ = {isa = PBXBuildFile; fileRef = F74982F61C5C626E0004C392 /* iOS_oc_wechatUITests.m */; };
		F74983091C5C67C30004C392 /* SWBaseViewController.m in Sources */ = {isa = PBXBuildFile; fileRef = F74983081C5C67C30004C392 /* SWBaseViewController.m */; };
		F749830D1C5C88B40004C392 /* SWHomeTabbarController.m in Sources */ = {isa = PBXBuildFile; fileRef = F749830C1C5C88B40004C392 /* SWHomeTabbarController.m */; };
		F74983141C5C89E00004C392 /* SWChatViewController.m in Sources */ = {isa = PBXBuildFile; fileRef = F74983131C5C89E00004C392 /* SWChatViewController.m */; };
		F74983171C5C89FA0004C392 /* SWConsultViewController.m in Sources */ = {isa = PBXBuildFile; fileRef = F74983161C5C89FA0004C392 /* SWConsultViewController.m */; };
		F749831A1C5C8A140004C392 /* SWDiscoveryViewController.m in Sources */ = {isa = PBXBuildFile; fileRef = F74983191C5C8A140004C392 /* SWDiscoveryViewController.m */; };
		F749831D1C5C8A2C0004C392 /* SWMeViewController.m in Sources */ = {isa = PBXBuildFile; fileRef = F749831C1C5C8A2C0004C392 /* SWMeViewController.m */; };
		F74983201C5C8BD10004C392 /* SWBaseNavigationController.m in Sources */ = {isa = PBXBuildFile; fileRef = F749831F1C5C8BD10004C392 /* SWBaseNavigationController.m */; };
/* End PBXBuildFile section */

/* Begin PBXContainerItemProxy section */
		F74982E81C5C626E0004C392 /* PBXContainerItemProxy */ = {
			isa = PBXContainerItemProxy;
			containerPortal = F74982C31C5C626E0004C392 /* Project object */;
			proxyType = 1;
			remoteGlobalIDString = F74982CA1C5C626E0004C392;
			remoteInfo = "iOS-oc-wechat";
		};
		F74982F31C5C626E0004C392 /* PBXContainerItemProxy */ = {
			isa = PBXContainerItemProxy;
			containerPortal = F74982C31C5C626E0004C392 /* Project object */;
			proxyType = 1;
			remoteGlobalIDString = F74982CA1C5C626E0004C392;
			remoteInfo = "iOS-oc-wechat";
		};
/* End PBXContainerItemProxy section */

/* Begin PBXFileReference section */
		2A593A29888175AA9F518DD1 /* Pods.debug.xcconfig */ = {isa = PBXFileReference; includeInIndex = 1; lastKnownFileType = text.xcconfig; name = Pods.debug.xcconfig; path = "Pods/Target Support Files/Pods/Pods.debug.xcconfig"; sourceTree = "<group>"; };
		368178811C5D0380009EAFF9 /* UIView+SWLayout.h */ = {isa = PBXFileReference; fileEncoding = 4; lastKnownFileType = sourcecode.c.h; path = "UIView+SWLayout.h"; sourceTree = "<group>"; };
		368178821C5D0380009EAFF9 /* UIView+SWLayout.m */ = {isa = PBXFileReference; fileEncoding = 4; lastKnownFileType = sourcecode.c.objc; path = "UIView+SWLayout.m"; sourceTree = "<group>"; };
		A6564507A02BC10588941D8F /* Pods.release.xcconfig */ = {isa = PBXFileReference; includeInIndex = 1; lastKnownFileType = text.xcconfig; name = Pods.release.xcconfig; path = "Pods/Target Support Files/Pods/Pods.release.xcconfig"; sourceTree = "<group>"; };
		E767AE30E7D8CC96D336A65F /* libPods.a */ = {isa = PBXFileReference; explicitFileType = archive.ar; includeInIndex = 0; path = libPods.a; sourceTree = BUILT_PRODUCTS_DIR; };
		F74982CB1C5C626E0004C392 /* iOS-oc-wechat.app */ = {isa = PBXFileReference; explicitFileType = wrapper.application; includeInIndex = 0; path = "iOS-oc-wechat.app"; sourceTree = BUILT_PRODUCTS_DIR; };
		F74982CF1C5C626E0004C392 /* main.m */ = {isa = PBXFileReference; lastKnownFileType = sourcecode.c.objc; path = main.m; sourceTree = "<group>"; };
		F74982D11C5C626E0004C392 /* AppDelegate.h */ = {isa = PBXFileReference; lastKnownFileType = sourcecode.c.h; path = AppDelegate.h; sourceTree = "<group>"; };
		F74982D21C5C626E0004C392 /* AppDelegate.m */ = {isa = PBXFileReference; lastKnownFileType = sourcecode.c.objc; path = AppDelegate.m; sourceTree = "<group>"; };
		F74982D41C5C626E0004C392 /* ViewController.h */ = {isa = PBXFileReference; lastKnownFileType = sourcecode.c.h; path = ViewController.h; sourceTree = "<group>"; };
		F74982D51C5C626E0004C392 /* ViewController.m */ = {isa = PBXFileReference; lastKnownFileType = sourcecode.c.objc; path = ViewController.m; sourceTree = "<group>"; };
		F74982D81C5C626E0004C392 /* Base */ = {isa = PBXFileReference; lastKnownFileType = file.storyboard; name = Base; path = Base.lproj/Main.storyboard; sourceTree = "<group>"; };
		F74982DB1C5C626E0004C392 /* iOS_oc_wechat.xcdatamodel */ = {isa = PBXFileReference; lastKnownFileType = wrapper.xcdatamodel; path = iOS_oc_wechat.xcdatamodel; sourceTree = "<group>"; };
		F74982DD1C5C626E0004C392 /* Assets.xcassets */ = {isa = PBXFileReference; lastKnownFileType = folder.assetcatalog; path = Assets.xcassets; sourceTree = "<group>"; };
		F74982E01C5C626E0004C392 /* Base */ = {isa = PBXFileReference; lastKnownFileType = file.storyboard; name = Base; path = Base.lproj/LaunchScreen.storyboard; sourceTree = "<group>"; };
		F74982E21C5C626E0004C392 /* Info.plist */ = {isa = PBXFileReference; lastKnownFileType = text.plist.xml; path = Info.plist; sourceTree = "<group>"; };
		F74982E71C5C626E0004C392 /* iOS-oc-wechatTests.xctest */ = {isa = PBXFileReference; explicitFileType = wrapper.cfbundle; includeInIndex = 0; path = "iOS-oc-wechatTests.xctest"; sourceTree = BUILT_PRODUCTS_DIR; };
		F74982EB1C5C626E0004C392 /* iOS_oc_wechatTests.m */ = {isa = PBXFileReference; lastKnownFileType = sourcecode.c.objc; path = iOS_oc_wechatTests.m; sourceTree = "<group>"; };
		F74982ED1C5C626E0004C392 /* Info.plist */ = {isa = PBXFileReference; lastKnownFileType = text.plist.xml; path = Info.plist; sourceTree = "<group>"; };
		F74982F21C5C626E0004C392 /* iOS-oc-wechatUITests.xctest */ = {isa = PBXFileReference; explicitFileType = wrapper.cfbundle; includeInIndex = 0; path = "iOS-oc-wechatUITests.xctest"; sourceTree = BUILT_PRODUCTS_DIR; };
		F74982F61C5C626E0004C392 /* iOS_oc_wechatUITests.m */ = {isa = PBXFileReference; lastKnownFileType = sourcecode.c.objc; path = iOS_oc_wechatUITests.m; sourceTree = "<group>"; };
		F74982F81C5C626E0004C392 /* Info.plist */ = {isa = PBXFileReference; lastKnownFileType = text.plist.xml; path = Info.plist; sourceTree = "<group>"; };
		F74983071C5C67C30004C392 /* SWBaseViewController.h */ = {isa = PBXFileReference; fileEncoding = 4; lastKnownFileType = sourcecode.c.h; path = SWBaseViewController.h; sourceTree = "<group>"; };
		F74983081C5C67C30004C392 /* SWBaseViewController.m */ = {isa = PBXFileReference; fileEncoding = 4; lastKnownFileType = sourcecode.c.objc; path = SWBaseViewController.m; sourceTree = "<group>"; };
		F749830A1C5C68670004C392 /* PrefixHeader.pch */ = {isa = PBXFileReference; fileEncoding = 4; lastKnownFileType = sourcecode.c.h; path = PrefixHeader.pch; sourceTree = "<group>"; };
		F749830B1C5C88B40004C392 /* SWHomeTabbarController.h */ = {isa = PBXFileReference; fileEncoding = 4; lastKnownFileType = sourcecode.c.h; path = SWHomeTabbarController.h; sourceTree = "<group>"; };
		F749830C1C5C88B40004C392 /* SWHomeTabbarController.m */ = {isa = PBXFileReference; fileEncoding = 4; lastKnownFileType = sourcecode.c.objc; path = SWHomeTabbarController.m; sourceTree = "<group>"; };
		F74983121C5C89E00004C392 /* SWChatViewController.h */ = {isa = PBXFileReference; fileEncoding = 4; lastKnownFileType = sourcecode.c.h; path = SWChatViewController.h; sourceTree = "<group>"; };
		F74983131C5C89E00004C392 /* SWChatViewController.m */ = {isa = PBXFileReference; fileEncoding = 4; lastKnownFileType = sourcecode.c.objc; path = SWChatViewController.m; sourceTree = "<group>"; };
		F74983151C5C89FA0004C392 /* SWConsultViewController.h */ = {isa = PBXFileReference; fileEncoding = 4; lastKnownFileType = sourcecode.c.h; path = SWConsultViewController.h; sourceTree = "<group>"; };
		F74983161C5C89FA0004C392 /* SWConsultViewController.m */ = {isa = PBXFileReference; fileEncoding = 4; lastKnownFileType = sourcecode.c.objc; path = SWConsultViewController.m; sourceTree = "<group>"; };
		F74983181C5C8A140004C392 /* SWDiscoveryViewController.h */ = {isa = PBXFileReference; fileEncoding = 4; lastKnownFileType = sourcecode.c.h; path = SWDiscoveryViewController.h; sourceTree = "<group>"; };
		F74983191C5C8A140004C392 /* SWDiscoveryViewController.m */ = {isa = PBXFileReference; fileEncoding = 4; lastKnownFileType = sourcecode.c.objc; path = SWDiscoveryViewController.m; sourceTree = "<group>"; };
		F749831B1C5C8A2C0004C392 /* SWMeViewController.h */ = {isa = PBXFileReference; fileEncoding = 4; lastKnownFileType = sourcecode.c.h; path = SWMeViewController.h; sourceTree = "<group>"; };
		F749831C1C5C8A2C0004C392 /* SWMeViewController.m */ = {isa = PBXFileReference; fileEncoding = 4; lastKnownFileType = sourcecode.c.objc; path = SWMeViewController.m; sourceTree = "<group>"; };
		F749831E1C5C8BD10004C392 /* SWBaseNavigationController.h */ = {isa = PBXFileReference; fileEncoding = 4; lastKnownFileType = sourcecode.c.h; path = SWBaseNavigationController.h; sourceTree = "<group>"; };
		F749831F1C5C8BD10004C392 /* SWBaseNavigationController.m */ = {isa = PBXFileReference; fileEncoding = 4; lastKnownFileType = sourcecode.c.objc; path = SWBaseNavigationController.m; sourceTree = "<group>"; };
/* End PBXFileReference section */

/* Begin PBXFrameworksBuildPhase section */
		F74982C81C5C626E0004C392 /* Frameworks */ = {
			isa = PBXFrameworksBuildPhase;
			buildActionMask = 2147483647;
			files = (
				A346B897F35EA4ECA7C038E2 /* libPods.a in Frameworks */,
			);
			runOnlyForDeploymentPostprocessing = 0;
		};
		F74982E41C5C626E0004C392 /* Frameworks */ = {
			isa = PBXFrameworksBuildPhase;
			buildActionMask = 2147483647;
			files = (
			);
			runOnlyForDeploymentPostprocessing = 0;
		};
		F74982EF1C5C626E0004C392 /* Frameworks */ = {
			isa = PBXFrameworksBuildPhase;
			buildActionMask = 2147483647;
			files = (
			);
			runOnlyForDeploymentPostprocessing = 0;
		};
/* End PBXFrameworksBuildPhase section */

/* Begin PBXGroup section */
		3681787F1C5D0349009EAFF9 /* libs */ = {
			isa = PBXGroup;
			children = (
				368178801C5D034F009EAFF9 /* categories */,
			);
			name = libs;
			sourceTree = "<group>";
		};
		368178801C5D034F009EAFF9 /* categories */ = {
			isa = PBXGroup;
			children = (
				368178811C5D0380009EAFF9 /* UIView+SWLayout.h */,
				368178821C5D0380009EAFF9 /* UIView+SWLayout.m */,
			);
			name = categories;
			sourceTree = "<group>";
		};
		57F3D1BC79AF79A12C8F1318 /* Frameworks */ = {
			isa = PBXGroup;
			children = (
				E767AE30E7D8CC96D336A65F /* libPods.a */,
			);
			name = Frameworks;
			sourceTree = "<group>";
		};
		AD594657C275F3213BCB6D6D /* Pods */ = {
			isa = PBXGroup;
			children = (
				2A593A29888175AA9F518DD1 /* Pods.debug.xcconfig */,
				A6564507A02BC10588941D8F /* Pods.release.xcconfig */,
			);
			name = Pods;
			sourceTree = "<group>";
		};
		F74982C21C5C626E0004C392 = {
			isa = PBXGroup;
			children = (
				F74982CD1C5C626E0004C392 /* iOS-oc-wechat */,
				F74982EA1C5C626E0004C392 /* iOS-oc-wechatTests */,
				F74982F51C5C626E0004C392 /* iOS-oc-wechatUITests */,
				F74982CC1C5C626E0004C392 /* Products */,
				AD594657C275F3213BCB6D6D /* Pods */,
				57F3D1BC79AF79A12C8F1318 /* Frameworks */,
			);
			sourceTree = "<group>";
		};
		F74982CC1C5C626E0004C392 /* Products */ = {
			isa = PBXGroup;
			children = (
				F74982CB1C5C626E0004C392 /* iOS-oc-wechat.app */,
				F74982E71C5C626E0004C392 /* iOS-oc-wechatTests.xctest */,
				F74982F21C5C626E0004C392 /* iOS-oc-wechatUITests.xctest */,
			);
			name = Products;
			sourceTree = "<group>";
		};
		F74982CD1C5C626E0004C392 /* iOS-oc-wechat */ = {
			isa = PBXGroup;
			children = (
				3681787F1C5D0349009EAFF9 /* libs */,
				F74983111C5C89650004C392 /* 我 */,
				F74983101C5C895C0004C392 /* 发现 */,
				F749830F1C5C89520004C392 /* 通信录 */,
				F749830E1C5C89380004C392 /* 微信 */,
				F74982D11C5C626E0004C392 /* AppDelegate.h */,
				F74982D21C5C626E0004C392 /* AppDelegate.m */,
				F74982D41C5C626E0004C392 /* ViewController.h */,
				F74982D51C5C626E0004C392 /* ViewController.m */,
				F74982D71C5C626E0004C392 /* Main.storyboard */,
				F74982DD1C5C626E0004C392 /* Assets.xcassets */,
				F74982DF1C5C626E0004C392 /* LaunchScreen.storyboard */,
				F74982E21C5C626E0004C392 /* Info.plist */,
				F74982DA1C5C626E0004C392 /* iOS_oc_wechat.xcdatamodeld */,
				F74982CE1C5C626E0004C392 /* Supporting Files */,
				F74983071C5C67C30004C392 /* SWBaseViewController.h */,
				F74983081C5C67C30004C392 /* SWBaseViewController.m */,
				F749831E1C5C8BD10004C392 /* SWBaseNavigationController.h */,
				F749831F1C5C8BD10004C392 /* SWBaseNavigationController.m */,
				F749830B1C5C88B40004C392 /* SWHomeTabbarController.h */,
				F749830C1C5C88B40004C392 /* SWHomeTabbarController.m */,
			);
			path = "iOS-oc-wechat";
			sourceTree = "<group>";
		};
		F74982CE1C5C626E0004C392 /* Supporting Files */ = {
			isa = PBXGroup;
			children = (
				F74982CF1C5C626E0004C392 /* main.m */,
				F749830A1C5C68670004C392 /* PrefixHeader.pch */,
			);
			name = "Supporting Files";
			sourceTree = "<group>";
		};
		F74982EA1C5C626E0004C392 /* iOS-oc-wechatTests */ = {
			isa = PBXGroup;
			children = (
				F74982EB1C5C626E0004C392 /* iOS_oc_wechatTests.m */,
				F74982ED1C5C626E0004C392 /* Info.plist */,
			);
			path = "iOS-oc-wechatTests";
			sourceTree = "<group>";
		};
		F74982F51C5C626E0004C392 /* iOS-oc-wechatUITests */ = {
			isa = PBXGroup;
			children = (
				F74982F61C5C626E0004C392 /* iOS_oc_wechatUITests.m */,
				F74982F81C5C626E0004C392 /* Info.plist */,
			);
			path = "iOS-oc-wechatUITests";
			sourceTree = "<group>";
		};
		F749830E1C5C89380004C392 /* 微信 */ = {
			isa = PBXGroup;
			children = (
				F74983121C5C89E00004C392 /* SWChatViewController.h */,
				F74983131C5C89E00004C392 /* SWChatViewController.m */,
			);
			name = "微信";
			sourceTree = "<group>";
		};
		F749830F1C5C89520004C392 /* 通信录 */ = {
			isa = PBXGroup;
			children = (
				F74983151C5C89FA0004C392 /* SWConsultViewController.h */,
				F74983161C5C89FA0004C392 /* SWConsultViewController.m */,
			);
			name = "通信录";
			sourceTree = "<group>";
		};
		F74983101C5C895C0004C392 /* 发现 */ = {
			isa = PBXGroup;
			children = (
				F74983181C5C8A140004C392 /* SWDiscoveryViewController.h */,
				F74983191C5C8A140004C392 /* SWDiscoveryViewController.m */,
			);
			name = "发现";
			sourceTree = "<group>";
		};
		F74983111C5C89650004C392 /* 我 */ = {
			isa = PBXGroup;
			children = (
				F749831B1C5C8A2C0004C392 /* SWMeViewController.h */,
				F749831C1C5C8A2C0004C392 /* SWMeViewController.m */,
			);
			name = "我";
			sourceTree = "<group>";
		};
/* End PBXGroup section */

/* Begin PBXNativeTarget section */
		F74982CA1C5C626E0004C392 /* iOS-oc-wechat */ = {
			isa = PBXNativeTarget;
			buildConfigurationList = F74982FB1C5C626E0004C392 /* Build configuration list for PBXNativeTarget "iOS-oc-wechat" */;
			buildPhases = (
				CE521C38469170299FFF8BB8 /* Check Pods Manifest.lock */,
				F74982C71C5C626E0004C392 /* Sources */,
				F74982C81C5C626E0004C392 /* Frameworks */,
				F74982C91C5C626E0004C392 /* Resources */,
				C8C4BBEAE8367EDAD07527F9 /* Embed Pods Frameworks */,
				4FC6D94EEE781B1688743A0E /* Copy Pods Resources */,
			);
			buildRules = (
			);
			dependencies = (
			);
			name = "iOS-oc-wechat";
			productName = "iOS-oc-wechat";
			productReference = F74982CB1C5C626E0004C392 /* iOS-oc-wechat.app */;
			productType = "com.apple.product-type.application";
		};
		F74982E61C5C626E0004C392 /* iOS-oc-wechatTests */ = {
			isa = PBXNativeTarget;
			buildConfigurationList = F74982FE1C5C626E0004C392 /* Build configuration list for PBXNativeTarget "iOS-oc-wechatTests" */;
			buildPhases = (
				F74982E31C5C626E0004C392 /* Sources */,
				F74982E41C5C626E0004C392 /* Frameworks */,
				F74982E51C5C626E0004C392 /* Resources */,
			);
			buildRules = (
			);
			dependencies = (
				F74982E91C5C626E0004C392 /* PBXTargetDependency */,
			);
			name = "iOS-oc-wechatTests";
			productName = "iOS-oc-wechatTests";
			productReference = F74982E71C5C626E0004C392 /* iOS-oc-wechatTests.xctest */;
			productType = "com.apple.product-type.bundle.unit-test";
		};
		F74982F11C5C626E0004C392 /* iOS-oc-wechatUITests */ = {
			isa = PBXNativeTarget;
			buildConfigurationList = F74983011C5C626E0004C392 /* Build configuration list for PBXNativeTarget "iOS-oc-wechatUITests" */;
			buildPhases = (
				F74982EE1C5C626E0004C392 /* Sources */,
				F74982EF1C5C626E0004C392 /* Frameworks */,
				F74982F01C5C626E0004C392 /* Resources */,
			);
			buildRules = (
			);
			dependencies = (
				F74982F41C5C626E0004C392 /* PBXTargetDependency */,
			);
			name = "iOS-oc-wechatUITests";
			productName = "iOS-oc-wechatUITests";
			productReference = F74982F21C5C626E0004C392 /* iOS-oc-wechatUITests.xctest */;
			productType = "com.apple.product-type.bundle.ui-testing";
		};
/* End PBXNativeTarget section */

/* Begin PBXProject section */
		F74982C31C5C626E0004C392 /* Project object */ = {
			isa = PBXProject;
			attributes = {
				LastUpgradeCheck = 0720;
				ORGANIZATIONNAME = wangsen;
				TargetAttributes = {
					F74982CA1C5C626E0004C392 = {
						CreatedOnToolsVersion = 7.2;
					};
					F74982E61C5C626E0004C392 = {
						CreatedOnToolsVersion = 7.2;
						TestTargetID = F74982CA1C5C626E0004C392;
					};
					F74982F11C5C626E0004C392 = {
						CreatedOnToolsVersion = 7.2;
						TestTargetID = F74982CA1C5C626E0004C392;
					};
				};
			};
			buildConfigurationList = F74982C61C5C626E0004C392 /* Build configuration list for PBXProject "iOS-oc-wechat" */;
			compatibilityVersion = "Xcode 3.2";
			developmentRegion = English;
			hasScannedForEncodings = 0;
			knownRegions = (
				en,
				Base,
			);
			mainGroup = F74982C21C5C626E0004C392;
			productRefGroup = F74982CC1C5C626E0004C392 /* Products */;
			projectDirPath = "";
			projectRoot = "";
			targets = (
				F74982CA1C5C626E0004C392 /* iOS-oc-wechat */,
				F74982E61C5C626E0004C392 /* iOS-oc-wechatTests */,
				F74982F11C5C626E0004C392 /* iOS-oc-wechatUITests */,
			);
		};
/* End PBXProject section */

/* Begin PBXResourcesBuildPhase section */
		F74982C91C5C626E0004C392 /* Resources */ = {
			isa = PBXResourcesBuildPhase;
			buildActionMask = 2147483647;
			files = (
				F74982E11C5C626E0004C392 /* LaunchScreen.storyboard in Resources */,
				F74982DE1C5C626E0004C392 /* Assets.xcassets in Resources */,
				F74982D91C5C626E0004C392 /* Main.storyboard in Resources */,
			);
			runOnlyForDeploymentPostprocessing = 0;
		};
		F74982E51C5C626E0004C392 /* Resources */ = {
			isa = PBXResourcesBuildPhase;
			buildActionMask = 2147483647;
			files = (
			);
			runOnlyForDeploymentPostprocessing = 0;
		};
		F74982F01C5C626E0004C392 /* Resources */ = {
			isa = PBXResourcesBuildPhase;
			buildActionMask = 2147483647;
			files = (
			);
			runOnlyForDeploymentPostprocessing = 0;
		};
/* End PBXResourcesBuildPhase section */

/* Begin PBXShellScriptBuildPhase section */
		4FC6D94EEE781B1688743A0E /* Copy Pods Resources */ = {
			isa = PBXShellScriptBuildPhase;
			buildActionMask = 2147483647;
			files = (
			);
			inputPaths = (
			);
			name = "Copy Pods Resources";
			outputPaths = (
			);
			runOnlyForDeploymentPostprocessing = 0;
			shellPath = /bin/sh;
			shellScript = "\"${SRCROOT}/Pods/Target Support Files/Pods/Pods-resources.sh\"\n";
			showEnvVarsInLog = 0;
		};
		C8C4BBEAE8367EDAD07527F9 /* Embed Pods Frameworks */ = {
			isa = PBXShellScriptBuildPhase;
			buildActionMask = 2147483647;
			files = (
			);
			inputPaths = (
			);
			name = "Embed Pods Frameworks";
			outputPaths = (
			);
			runOnlyForDeploymentPostprocessing = 0;
			shellPath = /bin/sh;
			shellScript = "\"${SRCROOT}/Pods/Target Support Files/Pods/Pods-frameworks.sh\"\n";
			showEnvVarsInLog = 0;
		};
		CE521C38469170299FFF8BB8 /* Check Pods Manifest.lock */ = {
			isa = PBXShellScriptBuildPhase;
			buildActionMask = 2147483647;
			files = (
			);
			inputPaths = (
			);
			name = "Check Pods Manifest.lock";
			outputPaths = (
			);
			runOnlyForDeploymentPostprocessing = 0;
			shellPath = /bin/sh;
			shellScript = "diff \"${PODS_ROOT}/../Podfile.lock\" \"${PODS_ROOT}/Manifest.lock\" > /dev/null\nif [[ $? != 0 ]] ; then\n    cat << EOM\nerror: The sandbox is not in sync with the Podfile.lock. Run 'pod install' or update your CocoaPods installation.\nEOM\n    exit 1\nfi\n";
			showEnvVarsInLog = 0;
		};
/* End PBXShellScriptBuildPhase section */

/* Begin PBXSourcesBuildPhase section */
		F74982C71C5C626E0004C392 /* Sources */ = {
			isa = PBXSourcesBuildPhase;
			buildActionMask = 2147483647;
			files = (
				F749831A1C5C8A140004C392 /* SWDiscoveryViewController.m in Sources */,
				F749830D1C5C88B40004C392 /* SWHomeTabbarController.m in Sources */,
				F749831D1C5C8A2C0004C392 /* SWMeViewController.m in Sources */,
				F74982D61C5C626E0004C392 /* ViewController.m in Sources */,
				368178831C5D0380009EAFF9 /* UIView+SWLayout.m in Sources */,
				F74982DC1C5C626E0004C392 /* iOS_oc_wechat.xcdatamodeld in Sources */,
				F74983141C5C89E00004C392 /* SWChatViewController.m in Sources */,
				F74982D31C5C626E0004C392 /* AppDelegate.m in Sources */,
				F74983171C5C89FA0004C392 /* SWConsultViewController.m in Sources */,
				F74983201C5C8BD10004C392 /* SWBaseNavigationController.m in Sources */,
				F74982D01C5C626E0004C392 /* main.m in Sources */,
				F74983091C5C67C30004C392 /* SWBaseViewController.m in Sources */,
			);
			runOnlyForDeploymentPostprocessing = 0;
		};
		F74982E31C5C626E0004C392 /* Sources */ = {
			isa = PBXSourcesBuildPhase;
			buildActionMask = 2147483647;
			files = (
				F74982EC1C5C626E0004C392 /* iOS_oc_wechatTests.m in Sources */,
			);
			runOnlyForDeploymentPostprocessing = 0;
		};
		F74982EE1C5C626E0004C392 /* Sources */ = {
			isa = PBXSourcesBuildPhase;
			buildActionMask = 2147483647;
			files = (
				F74982F71C5C626E0004C392 /* iOS_oc_wechatUITests.m in Sources */,
			);
			runOnlyForDeploymentPostprocessing = 0;
		};
/* End PBXSourcesBuildPhase section */

/* Begin PBXTargetDependency section */
		F74982E91C5C626E0004C392 /* PBXTargetDependency */ = {
			isa = PBXTargetDependency;
			target = F74982CA1C5C626E0004C392 /* iOS-oc-wechat */;
			targetProxy = F74982E81C5C626E0004C392 /* PBXContainerItemProxy */;
		};
		F74982F41C5C626E0004C392 /* PBXTargetDependency */ = {
			isa = PBXTargetDependency;
			target = F74982CA1C5C626E0004C392 /* iOS-oc-wechat */;
			targetProxy = F74982F31C5C626E0004C392 /* PBXContainerItemProxy */;
		};
/* End PBXTargetDependency section */

/* Begin PBXVariantGroup section */
		F74982D71C5C626E0004C392 /* Main.storyboard */ = {
			isa = PBXVariantGroup;
			children = (
				F74982D81C5C626E0004C392 /* Base */,
			);
			name = Main.storyboard;
			sourceTree = "<group>";
		};
		F74982DF1C5C626E0004C392 /* LaunchScreen.storyboard */ = {
			isa = PBXVariantGroup;
			children = (
				F74982E01C5C626E0004C392 /* Base */,
			);
			name = LaunchScreen.storyboard;
			sourceTree = "<group>";
		};
/* End PBXVariantGroup section */

/* Begin XCBuildConfiguration section */
		F74982F91C5C626E0004C392 /* Debug */ = {
			isa = XCBuildConfiguration;
			buildSettings = {
				ALWAYS_SEARCH_USER_PATHS = NO;
				CLANG_CXX_LANGUAGE_STANDARD = "gnu++0x";
				CLANG_CXX_LIBRARY = "libc++";
				CLANG_ENABLE_MODULES = YES;
				CLANG_ENABLE_OBJC_ARC = YES;
				CLANG_WARN_BOOL_CONVERSION = YES;
				CLANG_WARN_CONSTANT_CONVERSION = YES;
				CLANG_WARN_DIRECT_OBJC_ISA_USAGE = YES_ERROR;
				CLANG_WARN_EMPTY_BODY = YES;
				CLANG_WARN_ENUM_CONVERSION = YES;
				CLANG_WARN_INT_CONVERSION = YES;
				CLANG_WARN_OBJC_ROOT_CLASS = YES_ERROR;
				CLANG_WARN_UNREACHABLE_CODE = YES;
				CLANG_WARN__DUPLICATE_METHOD_MATCH = YES;
				"CODE_SIGN_IDENTITY[sdk=iphoneos*]" = "iPhone Developer";
				COPY_PHASE_STRIP = NO;
				DEBUG_INFORMATION_FORMAT = dwarf;
				ENABLE_STRICT_OBJC_MSGSEND = YES;
				ENABLE_TESTABILITY = YES;
				GCC_C_LANGUAGE_STANDARD = gnu99;
				GCC_DYNAMIC_NO_PIC = NO;
				GCC_NO_COMMON_BLOCKS = YES;
				GCC_OPTIMIZATION_LEVEL = 0;
				GCC_PREFIX_HEADER = "iOS-oc-wechat/PrefixHeader.pch";
				GCC_PREPROCESSOR_DEFINITIONS = (
					"DEBUG=1",
					"$(inherited)",
				);
				GCC_WARN_64_TO_32_BIT_CONVERSION = YES;
				GCC_WARN_ABOUT_RETURN_TYPE = YES_ERROR;
				GCC_WARN_UNDECLARED_SELECTOR = YES;
				GCC_WARN_UNINITIALIZED_AUTOS = YES_AGGRESSIVE;
				GCC_WARN_UNUSED_FUNCTION = YES;
				GCC_WARN_UNUSED_VARIABLE = YES;
				IPHONEOS_DEPLOYMENT_TARGET = 9.2;
				MTL_ENABLE_DEBUG_INFO = YES;
				ONLY_ACTIVE_ARCH = YES;
				SDKROOT = iphoneos;
				TARGETED_DEVICE_FAMILY = "1,2";
			};
			name = Debug;
		};
		F74982FA1C5C626E0004C392 /* Release */ = {
			isa = XCBuildConfiguration;
			buildSettings = {
				ALWAYS_SEARCH_USER_PATHS = NO;
				CLANG_CXX_LANGUAGE_STANDARD = "gnu++0x";
				CLANG_CXX_LIBRARY = "libc++";
				CLANG_ENABLE_MODULES = YES;
				CLANG_ENABLE_OBJC_ARC = YES;
				CLANG_WARN_BOOL_CONVERSION = YES;
				CLANG_WARN_CONSTANT_CONVERSION = YES;
				CLANG_WARN_DIRECT_OBJC_ISA_USAGE = YES_ERROR;
				CLANG_WARN_EMPTY_BODY = YES;
				CLANG_WARN_ENUM_CONVERSION = YES;
				CLANG_WARN_INT_CONVERSION = YES;
				CLANG_WARN_OBJC_ROOT_CLASS = YES_ERROR;
				CLANG_WARN_UNREACHABLE_CODE = YES;
				CLANG_WARN__DUPLICATE_METHOD_MATCH = YES;
				"CODE_SIGN_IDENTITY[sdk=iphoneos*]" = "iPhone Developer";
				COPY_PHASE_STRIP = NO;
				DEBUG_INFORMATION_FORMAT = "dwarf-with-dsym";
				ENABLE_NS_ASSERTIONS = NO;
				ENABLE_STRICT_OBJC_MSGSEND = YES;
				GCC_C_LANGUAGE_STANDARD = gnu99;
				GCC_NO_COMMON_BLOCKS = YES;
				GCC_PREFIX_HEADER = "iOS-oc-wechat/PrefixHeader.pch";
				GCC_WARN_64_TO_32_BIT_CONVERSION = YES;
				GCC_WARN_ABOUT_RETURN_TYPE = YES_ERROR;
				GCC_WARN_UNDECLARED_SELECTOR = YES;
				GCC_WARN_UNINITIALIZED_AUTOS = YES_AGGRESSIVE;
				GCC_WARN_UNUSED_FUNCTION = YES;
				GCC_WARN_UNUSED_VARIABLE = YES;
				IPHONEOS_DEPLOYMENT_TARGET = 9.2;
				MTL_ENABLE_DEBUG_INFO = NO;
				SDKROOT = iphoneos;
				TARGETED_DEVICE_FAMILY = "1,2";
				VALIDATE_PRODUCT = YES;
			};
			name = Release;
		};
		F74982FC1C5C626E0004C392 /* Debug */ = {
			isa = XCBuildConfiguration;
			baseConfigurationReference = 2A593A29888175AA9F518DD1 /* Pods.debug.xcconfig */;
			buildSettings = {
				ASSETCATALOG_COMPILER_APPICON_NAME = AppIcon;
				ASSETCATALOG_COMPILER_LAUNCHIMAGE_NAME = LaunchImage;
				GCC_PREFIX_HEADER = "$(PRODUCT_NAME)/PrefixHeader.pch";
				INFOPLIST_FILE = "iOS-oc-wechat/Info.plist";
				IPHONEOS_DEPLOYMENT_TARGET = 7.0;
				LD_RUNPATH_SEARCH_PATHS = "$(inherited) @executable_path/Frameworks";
				PRODUCT_BUNDLE_IDENTIFIER = "wangsen.iOS-oc-wechat";
				PRODUCT_NAME = "$(TARGET_NAME)";
			};
			name = Debug;
		};
		F74982FD1C5C626E0004C392 /* Release */ = {
			isa = XCBuildConfiguration;
			baseConfigurationReference = A6564507A02BC10588941D8F /* Pods.release.xcconfig */;
			buildSettings = {
				ASSETCATALOG_COMPILER_APPICON_NAME = AppIcon;
				ASSETCATALOG_COMPILER_LAUNCHIMAGE_NAME = LaunchImage;
				GCC_PREFIX_HEADER = "$(PRODUCT_NAME)/PrefixHeader.pch";
				INFOPLIST_FILE = "iOS-oc-wechat/Info.plist";
				IPHONEOS_DEPLOYMENT_TARGET = 7.0;
				LD_RUNPATH_SEARCH_PATHS = "$(inherited) @executable_path/Frameworks";
				PRODUCT_BUNDLE_IDENTIFIER = "wangsen.iOS-oc-wechat";
				PRODUCT_NAME = "$(TARGET_NAME)";
			};
			name = Release;
		};
		F74982FF1C5C626E0004C392 /* Debug */ = {
			isa = XCBuildConfiguration;
			buildSettings = {
				BUNDLE_LOADER = "$(TEST_HOST)";
				INFOPLIST_FILE = "iOS-oc-wechatTests/Info.plist";
				LD_RUNPATH_SEARCH_PATHS = "$(inherited) @executable_path/Frameworks @loader_path/Frameworks";
				PRODUCT_BUNDLE_IDENTIFIER = "wangsen.iOS-oc-wechatTests";
				PRODUCT_NAME = "$(TARGET_NAME)";
				TEST_HOST = "$(BUILT_PRODUCTS_DIR)/iOS-oc-wechat.app/iOS-oc-wechat";
			};
			name = Debug;
		};
		F74983001C5C626E0004C392 /* Release */ = {
			isa = XCBuildConfiguration;
			buildSettings = {
				BUNDLE_LOADER = "$(TEST_HOST)";
				INFOPLIST_FILE = "iOS-oc-wechatTests/Info.plist";
				LD_RUNPATH_SEARCH_PATHS = "$(inherited) @executable_path/Frameworks @loader_path/Frameworks";
				PRODUCT_BUNDLE_IDENTIFIER = "wangsen.iOS-oc-wechatTests";
				PRODUCT_NAME = "$(TARGET_NAME)";
				TEST_HOST = "$(BUILT_PRODUCTS_DIR)/iOS-oc-wechat.app/iOS-oc-wechat";
			};
			name = Release;
		};
		F74983021C5C626E0004C392 /* Debug */ = {
			isa = XCBuildConfiguration;
			buildSettings = {
				INFOPLIST_FILE = "iOS-oc-wechatUITests/Info.plist";
				LD_RUNPATH_SEARCH_PATHS = "$(inherited) @executable_path/Frameworks @loader_path/Frameworks";
				PRODUCT_BUNDLE_IDENTIFIER = "wangsen.iOS-oc-wechatUITests";
				PRODUCT_NAME = "$(TARGET_NAME)";
				TEST_TARGET_NAME = "iOS-oc-wechat";
				USES_XCTRUNNER = YES;
			};
			name = Debug;
		};
		F74983031C5C626E0004C392 /* Release */ = {
			isa = XCBuildConfiguration;
			buildSettings = {
				INFOPLIST_FILE = "iOS-oc-wechatUITests/Info.plist";
				LD_RUNPATH_SEARCH_PATHS = "$(inherited) @executable_path/Frameworks @loader_path/Frameworks";
				PRODUCT_BUNDLE_IDENTIFIER = "wangsen.iOS-oc-wechatUITests";
				PRODUCT_NAME = "$(TARGET_NAME)";
				TEST_TARGET_NAME = "iOS-oc-wechat";
				USES_XCTRUNNER = YES;
			};
			name = Release;
		};
/* End XCBuildConfiguration section */

/* Begin XCConfigurationList section */
		F74982C61C5C626E0004C392 /* Build configuration list for PBXProject "iOS-oc-wechat" */ = {
			isa = XCConfigurationList;
			buildConfigurations = (
				F74982F91C5C626E0004C392 /* Debug */,
				F74982FA1C5C626E0004C392 /* Release */,
			);
			defaultConfigurationIsVisible = 0;
			defaultConfigurationName = Release;
		};
		F74982FB1C5C626E0004C392 /* Build configuration list for PBXNativeTarget "iOS-oc-wechat" */ = {
			isa = XCConfigurationList;
			buildConfigurations = (
				F74982FC1C5C626E0004C392 /* Debug */,
				F74982FD1C5C626E0004C392 /* Release */,
			);
			defaultConfigurationIsVisible = 0;
			defaultConfigurationName = Release;
		};
		F74982FE1C5C626E0004C392 /* Build configuration list for PBXNativeTarget "iOS-oc-wechatTests" */ = {
			isa = XCConfigurationList;
			buildConfigurations = (
				F74982FF1C5C626E0004C392 /* Debug */,
				F74983001C5C626E0004C392 /* Release */,
			);
			defaultConfigurationIsVisible = 0;
			defaultConfigurationName = Release;
		};
		F74983011C5C626E0004C392 /* Build configuration list for PBXNativeTarget "iOS-oc-wechatUITests" */ = {
			isa = XCConfigurationList;
			buildConfigurations = (
				F74983021C5C626E0004C392 /* Debug */,
				F74983031C5C626E0004C392 /* Release */,
			);
			defaultConfigurationIsVisible = 0;
			defaultConfigurationName = Release;
		};
/* End XCConfigurationList section */

/* Begin XCVersionGroup section */
		F74982DA1C5C626E0004C392 /* iOS_oc_wechat.xcdatamodeld */ = {
			isa = XCVersionGroup;
			children = (
				F74982DB1C5C626E0004C392 /* iOS_oc_wechat.xcdatamodel */,
			);
			currentVersion = F74982DB1C5C626E0004C392 /* iOS_oc_wechat.xcdatamodel */;
			path = iOS_oc_wechat.xcdatamodeld;
			sourceTree = "<group>";
			versionGroupType = wrapper.xcdatamodel;
		};
/* End XCVersionGroup section */
	};
	rootObject = F74982C31C5C626E0004C392 /* Project object */;
}
